
Microsoft Visual Studio Solution File, Format Version 12.00
# Visual Studio 2013
VisualStudioVersion = 12.0.31101.0
MinimumVisualStudioVersion = 10.0.40219.1
Project("{FAE04EC0-301F-11D3-BF4B-00C04F79EFBC}") = "MqoImporter", "MqoImporter\MqoImporter.csproj", "{5DE77B79-493E-4ECA-8F08-75E7EB915D18}"
EndProject
Project("{FAE04EC0-301F-11D3-BF4B-00C04F79EFBC}") = "MqoImportTest", "MqoImportTest\MqoImportTest.csproj", "{8131D717-5B7F-47BC-B5CA-B8C83E8A906C}"
EndProject
Project("{2150E333-8FDC-42A3-9474-1A3956D46DE8}") = "Solution Items", "Solution Items", "{7CAC8393-4342-45C9-AEDE-571055EBCC11}"
	ProjectSection(SolutionItems) = preProject
		LICENSE.txt = LICENSE.txt
		README.md = README.md
	EndProjectSection
EndProject
Global
	GlobalSection(SolutionConfigurationPlatforms) = preSolution
		Debug|Any CPU = Debug|Any CPU
		Release|Any CPU = Release|Any CPU
	EndGlobalSection
	GlobalSection(ProjectConfigurationPlatforms) = postSolution
		{5DE77B79-493E-4ECA-8F08-75E7EB915D18}.Debug|Any CPU.ActiveCfg = Debug|Any CPU
		{5DE77B79-493E-4ECA-8F08-75E7EB915D18}.Debug|Any CPU.Build.0 = Debug|Any CPU
		{5DE77B79-493E-4ECA-8F08-75E7EB915D18}.Release|Any CPU.ActiveCfg = Release|Any CPU
		{5DE77B79-493E-4ECA-8F08-75E7EB915D18}.Release|Any CPU.Build.0 = Release|Any CPU
		{8131D717-5B7F-47BC-B5CA-B8C83E8A906C}.Debug|Any CPU.ActiveCfg = Debug|Any CPU
		{8131D717-5B7F-47BC-B5CA-B8C83E8A906C}.Debug|Any CPU.Build.0 = Debug|Any CPU
		{8131D717-5B7F-47BC-B5CA-B8C83E8A906C}.Release|Any CPU.ActiveCfg = Release|Any CPU
		{8131D717-5B7F-47BC-B5CA-B8C83E8A906C}.Release|Any CPU.Build.0 = Release|Any CPU
	EndGlobalSection
	GlobalSection(SolutionProperties) = preSolution
		HideSolutionNode = FALSE
	EndGlobalSection
EndGlobal
